// !$*UTF8*$!
{
	archiveVersion = 1;
	classes = {
	};
	objectVersion = 46;
	objects = {

/* Begin PBXBuildFile section */
		6A4545011E8F836200C70284 /* main.m in Sources */ = {isa = PBXBuildFile; fileRef = 6A4545001E8F836200C70284 /* main.m */; };
		6A4545041E8F836200C70284 /* AppDelegate.m in Sources */ = {isa = PBXBuildFile; fileRef = 6A4545031E8F836200C70284 /* AppDelegate.m */; };
		6A4545071E8F836200C70284 /* ViewController.m in Sources */ = {isa = PBXBuildFile; fileRef = 6A4545061E8F836200C70284 /* ViewController.m */; };
		6A45450A1E8F836200C70284 /* Main.storyboard in Resources */ = {isa = PBXBuildFile; fileRef = 6A4545081E8F836200C70284 /* Main.storyboard */; };
		6A45450C1E8F836200C70284 /* Assets.xcassets in Resources */ = {isa = PBXBuildFile; fileRef = 6A45450B1E8F836200C70284 /* Assets.xcassets */; };
		6A45450F1E8F836200C70284 /* LaunchScreen.storyboard in Resources */ = {isa = PBXBuildFile; fileRef = 6A45450D1E8F836200C70284 /* LaunchScreen.storyboard */; };
		6A45451A1E8F836200C70284 /* CollectionTableView_DemoTests.m in Sources */ = {isa = PBXBuildFile; fileRef = 6A4545191E8F836200C70284 /* CollectionTableView_DemoTests.m */; };
		6A4545251E8F836200C70284 /* CollectionTableView_DemoUITests.m in Sources */ = {isa = PBXBuildFile; fileRef = 6A4545241E8F836200C70284 /* CollectionTableView_DemoUITests.m */; };
		6A4545381E8F86D600C70284 /* CollectionTableViewCell.m in Sources */ = {isa = PBXBuildFile; fileRef = 6A4545371E8F86D600C70284 /* CollectionTableViewCell.m */; };
		6A45453B1E8F8A4C00C70284 /* UITableView+JLeeCollectionTable.m in Sources */ = {isa = PBXBuildFile; fileRef = 6A45453A1E8F8A4C00C70284 /* UITableView+JLeeCollectionTable.m */; };
		6A45453E1E8F8EA300C70284 /* CollectionTableView.m in Sources */ = {isa = PBXBuildFile; fileRef = 6A45453D1E8F8EA300C70284 /* CollectionTableView.m */; };
		6A4545411E8F8FDF00C70284 /* CollectionItem.m in Sources */ = {isa = PBXBuildFile; fileRef = 6A4545401E8F8FDF00C70284 /* CollectionItem.m */; };
/* End PBXBuildFile section */

/* Begin PBXContainerItemProxy section */
		6A4545161E8F836200C70284 /* PBXContainerItemProxy */ = {
			isa = PBXContainerItemProxy;
			containerPortal = 6A4544F41E8F836200C70284 /* Project object */;
			proxyType = 1;
			remoteGlobalIDString = 6A4544FB1E8F836200C70284;
			remoteInfo = "CollectionTableView-Demo";
		};
		6A4545211E8F836200C70284 /* PBXContainerItemProxy */ = {
			isa = PBXContainerItemProxy;
			containerPortal = 6A4544F41E8F836200C70284 /* Project object */;
			proxyType = 1;
			remoteGlobalIDString = 6A4544FB1E8F836200C70284;
			remoteInfo = "CollectionTableView-Demo";
		};
/* End PBXContainerItemProxy section */

/* Begin PBXFileReference section */
		6A4544FC1E8F836200C70284 /* CollectionTableView-Demo.app */ = {isa = PBXFileReference; explicitFileType = wrapper.application; includeInIndex = 0; path = "CollectionTableView-Demo.app"; sourceTree = BUILT_PRODUCTS_DIR; };
		6A4545001E8F836200C70284 /* main.m */ = {isa = PBXFileReference; lastKnownFileType = sourcecode.c.objc; path = main.m; sourceTree = "<group>"; };
		6A4545021E8F836200C70284 /* AppDelegate.h */ = {isa = PBXFileReference; lastKnownFileType = sourcecode.c.h; path = AppDelegate.h; sourceTree = "<group>"; };
		6A4545031E8F836200C70284 /* AppDelegate.m */ = {isa = PBXFileReference; lastKnownFileType = sourcecode.c.objc; path = AppDelegate.m; sourceTree = "<group>"; };
		6A4545051E8F836200C70284 /* ViewController.h */ = {isa = PBXFileReference; lastKnownFileType = sourcecode.c.h; path = ViewController.h; sourceTree = "<group>"; };
		6A4545061E8F836200C70284 /* ViewController.m */ = {isa = PBXFileReference; lastKnownFileType = sourcecode.c.objc; path = ViewController.m; sourceTree = "<group>"; };
		6A4545091E8F836200C70284 /* Base */ = {isa = PBXFileReference; lastKnownFileType = file.storyboard; name = Base; path = Base.lproj/Main.storyboard; sourceTree = "<group>"; };
		6A45450B1E8F836200C70284 /* Assets.xcassets */ = {isa = PBXFileReference; lastKnownFileType = folder.assetcatalog; path = Assets.xcassets; sourceTree = "<group>"; };
		6A45450E1E8F836200C70284 /* Base */ = {isa = PBXFileReference; lastKnownFileType = file.storyboard; name = Base; path = Base.lproj/LaunchScreen.storyboard; sourceTree = "<group>"; };
		6A4545101E8F836200C70284 /* Info.plist */ = {isa = PBXFileReference; lastKnownFileType = text.plist.xml; path = Info.plist; sourceTree = "<group>"; };
		6A4545151E8F836200C70284 /* CollectionTableView-DemoTests.xctest */ = {isa = PBXFileReference; explicitFileType = wrapper.cfbundle; includeInIndex = 0; path = "CollectionTableView-DemoTests.xctest"; sourceTree = BUILT_PRODUCTS_DIR; };
		6A4545191E8F836200C70284 /* CollectionTableView_DemoTests.m */ = {isa = PBXFileReference; lastKnownFileType = sourcecode.c.objc; path = CollectionTableView_DemoTests.m; sourceTree = "<group>"; };
		6A45451B1E8F836200C70284 /* Info.plist */ = {isa = PBXFileReference; lastKnownFileType = text.plist.xml; path = Info.plist; sourceTree = "<group>"; };
		6A4545201E8F836200C70284 /* CollectionTableView-DemoUITests.xctest */ = {isa = PBXFileReference; explicitFileType = wrapper.cfbundle; includeInIndex = 0; path = "CollectionTableView-DemoUITests.xctest"; sourceTree = BUILT_PRODUCTS_DIR; };
		6A4545241E8F836200C70284 /* CollectionTableView_DemoUITests.m */ = {isa = PBXFileReference; lastKnownFileType = sourcecode.c.objc; path = CollectionTableView_DemoUITests.m; sourceTree = "<group>"; };
		6A4545261E8F836200C70284 /* Info.plist */ = {isa = PBXFileReference; lastKnownFileType = text.plist.xml; path = Info.plist; sourceTree = "<group>"; };
		6A4545331E8F83C300C70284 /* CollectionInTableProtocol.h */ = {isa = PBXFileReference; fileEncoding = 4; lastKnownFileType = sourcecode.c.h; path = CollectionInTableProtocol.h; sourceTree = "<group>"; };
		6A4545361E8F86D600C70284 /* CollectionTableViewCell.h */ = {isa = PBXFileReference; fileEncoding = 4; lastKnownFileType = sourcecode.c.h; path = CollectionTableViewCell.h; sourceTree = "<group>"; };
		6A4545371E8F86D600C70284 /* CollectionTableViewCell.m */ = {isa = PBXFileReference; fileEncoding = 4; lastKnownFileType = sourcecode.c.objc; path = CollectionTableViewCell.m; sourceTree = "<group>"; };
		6A4545391E8F8A4C00C70284 /* UITableView+JLeeCollectionTable.h */ = {isa = PBXFileReference; fileEncoding = 4; lastKnownFileType = sourcecode.c.h; path = "UITableView+JLeeCollectionTable.h"; sourceTree = "<group>"; };
		6A45453A1E8F8A4C00C70284 /* UITableView+JLeeCollectionTable.m */ = {isa = PBXFileReference; fileEncoding = 4; lastKnownFileType = sourcecode.c.objc; path = "UITableView+JLeeCollectionTable.m"; sourceTree = "<group>"; };
		6A45453C1E8F8EA300C70284 /* CollectionTableView.h */ = {isa = PBXFileReference; fileEncoding = 4; lastKnownFileType = sourcecode.c.h; path = CollectionTableView.h; sourceTree = "<group>"; };
		6A45453D1E8F8EA300C70284 /* CollectionTableView.m */ = {isa = PBXFileReference; fileEncoding = 4; lastKnownFileType = sourcecode.c.objc; path = CollectionTableView.m; sourceTree = "<group>"; };
		6A45453F1E8F8FDF00C70284 /* CollectionItem.h */ = {isa = PBXFileReference; fileEncoding = 4; lastKnownFileType = sourcecode.c.h; path = CollectionItem.h; sourceTree = "<group>"; };
		6A4545401E8F8FDF00C70284 /* CollectionItem.m */ = {isa = PBXFileReference; fileEncoding = 4; lastKnownFileType = sourcecode.c.objc; path = CollectionItem.m; sourceTree = "<group>"; };
/* End PBXFileReference section */

/* Begin PBXFrameworksBuildPhase section */
		6A4544F91E8F836200C70284 /* Frameworks */ = {
			isa = PBXFrameworksBuildPhase;
			buildActionMask = 2147483647;
			files = (
			);
			runOnlyForDeploymentPostprocessing = 0;
		};
		6A4545121E8F836200C70284 /* Frameworks */ = {
			isa = PBXFrameworksBuildPhase;
			buildActionMask = 2147483647;
			files = (
			);
			runOnlyForDeploymentPostprocessing = 0;
		};
		6A45451D1E8F836200C70284 /* Frameworks */ = {
			isa = PBXFrameworksBuildPhase;
			buildActionMask = 2147483647;
			files = (
			);
			runOnlyForDeploymentPostprocessing = 0;
		};
/* End PBXFrameworksBuildPhase section */

/* Begin PBXGroup section */
		6A4544F31E8F836200C70284 = {
			isa = PBXGroup;
			children = (
				6A4544FE1E8F836200C70284 /* CollectionTableView-Demo */,
				6A4545181E8F836200C70284 /* CollectionTableView-DemoTests */,
				6A4545231E8F836200C70284 /* CollectionTableView-DemoUITests */,
				6A4544FD1E8F836200C70284 /* Products */,
			);
			sourceTree = "<group>";
		};
		6A4544FD1E8F836200C70284 /* Products */ = {
			isa = PBXGroup;
			children = (
				6A4544FC1E8F836200C70284 /* CollectionTableView-Demo.app */,
				6A4545151E8F836200C70284 /* CollectionTableView-DemoTests.xctest */,
				6A4545201E8F836200C70284 /* CollectionTableView-DemoUITests.xctest */,
			);
			name = Products;
			sourceTree = "<group>";
		};
		6A4544FE1E8F836200C70284 /* CollectionTableView-Demo */ = {
			isa = PBXGroup;
			children = (
				6A4545321E8F837F00C70284 /* CollectionTableView */,
				6A4545021E8F836200C70284 /* AppDelegate.h */,
				6A4545031E8F836200C70284 /* AppDelegate.m */,
				6A4545051E8F836200C70284 /* ViewController.h */,
				6A4545061E8F836200C70284 /* ViewController.m */,
				6A4545081E8F836200C70284 /* Main.storyboard */,
				6A45450B1E8F836200C70284 /* Assets.xcassets */,
				6A45450D1E8F836200C70284 /* LaunchScreen.storyboard */,
				6A4545101E8F836200C70284 /* Info.plist */,
				6A4544FF1E8F836200C70284 /* Supporting Files */,
			);
			path = "CollectionTableView-Demo";
			sourceTree = "<group>";
		};
		6A4544FF1E8F836200C70284 /* Supporting Files */ = {
			isa = PBXGroup;
			children = (
				6A4545001E8F836200C70284 /* main.m */,
			);
			name = "Supporting Files";
			sourceTree = "<group>";
		};
		6A4545181E8F836200C70284 /* CollectionTableView-DemoTests */ = {
			isa = PBXGroup;
			children = (
				6A4545191E8F836200C70284 /* CollectionTableView_DemoTests.m */,
				6A45451B1E8F836200C70284 /* Info.plist */,
			);
			path = "CollectionTableView-DemoTests";
			sourceTree = "<group>";
		};
		6A4545231E8F836200C70284 /* CollectionTableView-DemoUITests */ = {
			isa = PBXGroup;
			children = (
				6A4545241E8F836200C70284 /* CollectionTableView_DemoUITests.m */,
				6A4545261E8F836200C70284 /* Info.plist */,
			);
			path = "CollectionTableView-DemoUITests";
			sourceTree = "<group>";
		};
		6A4545321E8F837F00C70284 /* CollectionTableView */ = {
			isa = PBXGroup;
			children = (
				6A4545331E8F83C300C70284 /* CollectionInTableProtocol.h */,
				6A4545391E8F8A4C00C70284 /* UITableView+JLeeCollectionTable.h */,
				6A45453A1E8F8A4C00C70284 /* UITableView+JLeeCollectionTable.m */,
				6A4545361E8F86D600C70284 /* CollectionTableViewCell.h */,
				6A4545371E8F86D600C70284 /* CollectionTableViewCell.m */,
				6A45453C1E8F8EA300C70284 /* CollectionTableView.h */,
				6A45453D1E8F8EA300C70284 /* CollectionTableView.m */,
				6A45453F1E8F8FDF00C70284 /* CollectionItem.h */,
				6A4545401E8F8FDF00C70284 /* CollectionItem.m */,
			);
			name = CollectionTableView;
			path = ../CollectionTableView;
			sourceTree = "<group>";
		};
/* End PBXGroup section */

/* Begin PBXNativeTarget section */
		6A4544FB1E8F836200C70284 /* CollectionTableView-Demo */ = {
			isa = PBXNativeTarget;
			buildConfigurationList = 6A4545291E8F836200C70284 /* Build configuration list for PBXNativeTarget "CollectionTableView-Demo" */;
			buildPhases = (
				6A4544F81E8F836200C70284 /* Sources */,
				6A4544F91E8F836200C70284 /* Frameworks */,
				6A4544FA1E8F836200C70284 /* Resources */,
			);
			buildRules = (
			);
			dependencies = (
			);
			name = "CollectionTableView-Demo";
			productName = "CollectionTableView-Demo";
			productReference = 6A4544FC1E8F836200C70284 /* CollectionTableView-Demo.app */;
			productType = "com.apple.product-type.application";
		};
		6A4545141E8F836200C70284 /* CollectionTableView-DemoTests */ = {
			isa = PBXNativeTarget;
			buildConfigurationList = 6A45452C1E8F836200C70284 /* Build configuration list for PBXNativeTarget "CollectionTableView-DemoTests" */;
			buildPhases = (
				6A4545111E8F836200C70284 /* Sources */,
				6A4545121E8F836200C70284 /* Frameworks */,
				6A4545131E8F836200C70284 /* Resources */,
			);
			buildRules = (
			);
			dependencies = (
				6A4545171E8F836200C70284 /* PBXTargetDependency */,
			);
			name = "CollectionTableView-DemoTests";
			productName = "CollectionTableView-DemoTests";
			productReference = 6A4545151E8F836200C70284 /* CollectionTableView-DemoTests.xctest */;
			productType = "com.apple.product-type.bundle.unit-test";
		};
		6A45451F1E8F836200C70284 /* CollectionTableView-DemoUITests */ = {
			isa = PBXNativeTarget;
			buildConfigurationList = 6A45452F1E8F836200C70284 /* Build configuration list for PBXNativeTarget "CollectionTableView-DemoUITests" */;
			buildPhases = (
				6A45451C1E8F836200C70284 /* Sources */,
				6A45451D1E8F836200C70284 /* Frameworks */,
				6A45451E1E8F836200C70284 /* Resources */,
			);
			buildRules = (
			);
			dependencies = (
				6A4545221E8F836200C70284 /* PBXTargetDependency */,
			);
			name = "CollectionTableView-DemoUITests";
			productName = "CollectionTableView-DemoUITests";
			productReference = 6A4545201E8F836200C70284 /* CollectionTableView-DemoUITests.xctest */;
			productType = "com.apple.product-type.bundle.ui-testing";
		};
/* End PBXNativeTarget section */

/* Begin PBXProject section */
		6A4544F41E8F836200C70284 /* Project object */ = {
			isa = PBXProject;
			attributes = {
				LastUpgradeCheck = 0820;
				ORGANIZATIONNAME = "李杰";
				TargetAttributes = {
					6A4544FB1E8F836200C70284 = {
						CreatedOnToolsVersion = 8.2.1;
						ProvisioningStyle = Automatic;
					};
					6A4545141E8F836200C70284 = {
						CreatedOnToolsVersion = 8.2.1;
						ProvisioningStyle = Automatic;
						TestTargetID = 6A4544FB1E8F836200C70284;
					};
					6A45451F1E8F836200C70284 = {
						CreatedOnToolsVersion = 8.2.1;
						ProvisioningStyle = Automatic;
						TestTargetID = 6A4544FB1E8F836200C70284;
					};
				};
			};
			buildConfigurationList = 6A4544F71E8F836200C70284 /* Build configuration list for PBXProject "CollectionTableView-Demo" */;
			compatibilityVersion = "Xcode 3.2";
			developmentRegion = English;
			hasScannedForEncodings = 0;
			knownRegions = (
				en,
				Base,
			);
			mainGroup = 6A4544F31E8F836200C70284;
			productRefGroup = 6A4544FD1E8F836200C70284 /* Products */;
			projectDirPath = "";
			projectRoot = "";
			targets = (
				6A4544FB1E8F836200C70284 /* CollectionTableView-Demo */,
				6A4545141E8F836200C70284 /* CollectionTableView-DemoTests */,
				6A45451F1E8F836200C70284 /* CollectionTableView-DemoUITests */,
			);
		};
/* End PBXProject section */

/* Begin PBXResourcesBuildPhase section */
		6A4544FA1E8F836200C70284 /* Resources */ = {
			isa = PBXResourcesBuildPhase;
			buildActionMask = 2147483647;
			files = (
				6A45450F1E8F836200C70284 /* LaunchScreen.storyboard in Resources */,
				6A45450C1E8F836200C70284 /* Assets.xcassets in Resources */,
				6A45450A1E8F836200C70284 /* Main.storyboard in Resources */,
			);
			runOnlyForDeploymentPostprocessing = 0;
		};
		6A4545131E8F836200C70284 /* Resources */ = {
			isa = PBXResourcesBuildPhase;
			buildActionMask = 2147483647;
			files = (
			);
			runOnlyForDeploymentPostprocessing = 0;
		};
		6A45451E1E8F836200C70284 /* Resources */ = {
			isa = PBXResourcesBuildPhase;
			buildActionMask = 2147483647;
			files = (
			);
			runOnlyForDeploymentPostprocessing = 0;
		};
/* End PBXResourcesBuildPhase section */

/* Begin PBXSourcesBuildPhase section */
		6A4544F81E8F836200C70284 /* Sources */ = {
			isa = PBXSourcesBuildPhase;
			buildActionMask = 2147483647;
			files = (
				6A4545071E8F836200C70284 /* ViewController.m in Sources */,
				6A4545041E8F836200C70284 /* AppDelegate.m in Sources */,
				6A4545011E8F836200C70284 /* main.m in Sources */,
				6A4545381E8F86D600C70284 /* CollectionTableViewCell.m in Sources */,
				6A45453B1E8F8A4C00C70284 /* UITableView+JLeeCollectionTable.m in Sources */,
				6A4545411E8F8FDF00C70284 /* CollectionItem.m in Sources */,
				6A45453E1E8F8EA300C70284 /* CollectionTableView.m in Sources */,
			);
			runOnlyForDeploymentPostprocessing = 0;
		};
		6A4545111E8F836200C70284 /* Sources */ = {
			isa = PBXSourcesBuildPhase;
			buildActionMask = 2147483647;
			files = (
				6A45451A1E8F836200C70284 /* CollectionTableView_DemoTests.m in Sources */,
			);
			runOnlyForDeploymentPostprocessing = 0;
		};
		6A45451C1E8F836200C70284 /* Sources */ = {
			isa = PBXSourcesBuildPhase;
			buildActionMask = 2147483647;
			files = (
				6A4545251E8F836200C70284 /* CollectionTableView_DemoUITests.m in Sources */,
			);
			runOnlyForDeploymentPostprocessing = 0;
		};
/* End PBXSourcesBuildPhase section */

/* Begin PBXTargetDependency section */
		6A4545171E8F836200C70284 /* PBXTargetDependency */ = {
			isa = PBXTargetDependency;
			target = 6A4544FB1E8F836200C70284 /* CollectionTableView-Demo */;
			targetProxy = 6A4545161E8F836200C70284 /* PBXContainerItemProxy */;
		};
		6A4545221E8F836200C70284 /* PBXTargetDependency */ = {
			isa = PBXTargetDependency;
			target = 6A4544FB1E8F836200C70284 /* CollectionTableView-Demo */;
			targetProxy = 6A4545211E8F836200C70284 /* PBXContainerItemProxy */;
		};
/* End PBXTargetDependency section */

/* Begin PBXVariantGroup section */
		6A4545081E8F836200C70284 /* Main.storyboard */ = {
			isa = PBXVariantGroup;
			children = (
				6A4545091E8F836200C70284 /* Base */,
			);
			name = Main.storyboard;
			sourceTree = "<group>";
		};
		6A45450D1E8F836200C70284 /* LaunchScreen.storyboard */ = {
			isa = PBXVariantGroup;
			children = (
				6A45450E1E8F836200C70284 /* Base */,
			);
			name = LaunchScreen.storyboard;
			sourceTree = "<group>";
		};
/* End PBXVariantGroup section */

/* Begin XCBuildConfiguration section */
		6A4545271E8F836200C70284 /* Debug */ = {
			isa = XCBuildConfiguration;
			buildSettings = {
				ALWAYS_SEARCH_USER_PATHS = NO;
				CLANG_ANALYZER_NONNULL = YES;
				CLANG_CXX_LANGUAGE_STANDARD = "gnu++0x";
				CLANG_CXX_LIBRARY = "libc++";
				CLANG_ENABLE_MODULES = YES;
				CLANG_ENABLE_OBJC_ARC = YES;
				CLANG_WARN_BOOL_CONVERSION = YES;
				CLANG_WARN_CONSTANT_CONVERSION = YES;
				CLANG_WARN_DIRECT_OBJC_ISA_USAGE = YES_ERROR;
				CLANG_WARN_DOCUMENTATION_COMMENTS = YES;
				CLANG_WARN_EMPTY_BODY = YES;
				CLANG_WARN_ENUM_CONVERSION = YES;
				CLANG_WARN_INFINITE_RECURSION = YES;
				CLANG_WARN_INT_CONVERSION = YES;
				CLANG_WARN_OBJC_ROOT_CLASS = YES_ERROR;
				CLANG_WARN_SUSPICIOUS_MOVE = YES;
				CLANG_WARN_UNREACHABLE_CODE = YES;
				CLANG_WARN__DUPLICATE_METHOD_MATCH = YES;
				"CODE_SIGN_IDENTITY[sdk=iphoneos*]" = "iPhone Developer";
				COPY_PHASE_STRIP = NO;
				DEBUG_INFORMATION_FORMAT = dwarf;
				ENABLE_STRICT_OBJC_MSGSEND = YES;
				ENABLE_TESTABILITY = YES;
				GCC_C_LANGUAGE_STANDARD = gnu99;
				GCC_DYNAMIC_NO_PIC = NO;
				GCC_NO_COMMON_BLOCKS = YES;
				GCC_OPTIMIZATION_LEVEL = 0;
				GCC_PREPROCESSOR_DEFINITIONS = (
					"DEBUG=1",
					"$(inherited)",
				);
				GCC_WARN_64_TO_32_BIT_CONVERSION = YES;
				GCC_WARN_ABOUT_RETURN_TYPE = YES_ERROR;
				GCC_WARN_UNDECLARED_SELECTOR = YES;
				GCC_WARN_UNINITIALIZED_AUTOS = YES_AGGRESSIVE;
				GCC_WARN_UNUSED_FUNCTION = YES;
				GCC_WARN_UNUSED_VARIABLE = YES;
				IPHONEOS_DEPLOYMENT_TARGET = 10.2;
				MTL_ENABLE_DEBUG_INFO = YES;
				ONLY_ACTIVE_ARCH = YES;
				SDKROOT = iphoneos;
				TARGETED_DEVICE_FAMILY = "1,2";
			};
			name = Debug;
		};
		6A4545281E8F836200C70284 /* Release */ = {
			isa = XCBuildConfiguration;
			buildSettings = {
				ALWAYS_SEARCH_USER_PATHS = NO;
				CLANG_ANALYZER_NONNULL = YES;
				CLANG_CXX_LANGUAGE_STANDARD = "gnu++0x";
				CLANG_CXX_LIBRARY = "libc++";
				CLANG_ENABLE_MODULES = YES;
				CLANG_ENABLE_OBJC_ARC = YES;
				CLANG_WARN_BOOL_CONVERSION = YES;
				CLANG_WARN_CONSTANT_CONVERSION = YES;
				CLANG_WARN_DIRECT_OBJC_ISA_USAGE = YES_ERROR;
				CLANG_WARN_DOCUMENTATION_COMMENTS = YES;
				CLANG_WARN_EMPTY_BODY = YES;
				CLANG_WARN_ENUM_CONVERSION = YES;
				CLANG_WARN_INFINITE_RECURSION = YES;
				CLANG_WARN_INT_CONVERSION = YES;
				CLANG_WARN_OBJC_ROOT_CLASS = YES_ERROR;
				CLANG_WARN_SUSPICIOUS_MOVE = YES;
				CLANG_WARN_UNREACHABLE_CODE = YES;
				CLANG_WARN__DUPLICATE_METHOD_MATCH = YES;
				"CODE_SIGN_IDENTITY[sdk=iphoneos*]" = "iPhone Developer";
				COPY_PHASE_STRIP = NO;
				DEBUG_INFORMATION_FORMAT = "dwarf-with-dsym";
				ENABLE_NS_ASSERTIONS = NO;
				ENABLE_STRICT_OBJC_MSGSEND = YES;
				GCC_C_LANGUAGE_STANDARD = gnu99;
				GCC_NO_COMMON_BLOCKS = YES;
				GCC_WARN_64_TO_32_BIT_CONVERSION = YES;
				GCC_WARN_ABOUT_RETURN_TYPE = YES_ERROR;
				GCC_WARN_UNDECLARED_SELECTOR = YES;
				GCC_WARN_UNINITIALIZED_AUTOS = YES_AGGRESSIVE;
				GCC_WARN_UNUSED_FUNCTION = YES;
				GCC_WARN_UNUSED_VARIABLE = YES;
				IPHONEOS_DEPLOYMENT_TARGET = 10.2;
				MTL_ENABLE_DEBUG_INFO = NO;
				SDKROOT = iphoneos;
				TARGETED_DEVICE_FAMILY = "1,2";
				VALIDATE_PRODUCT = YES;
			};
			name = Release;
		};
		6A45452A1E8F836200C70284 /* Debug */ = {
			isa = XCBuildConfiguration;
			buildSettings = {
				ASSETCATALOG_COMPILER_APPICON_NAME = AppIcon;
				INFOPLIST_FILE = "CollectionTableView-Demo/Info.plist";
				LD_RUNPATH_SEARCH_PATHS = "$(inherited) @executable_path/Frameworks";
				PRODUCT_BUNDLE_IDENTIFIER = "com.coderjacklee.CollectionTableView-Demo";
				PRODUCT_NAME = "$(TARGET_NAME)";
			};
			name = Debug;
		};
		6A45452B1E8F836200C70284 /* Release */ = {
			isa = XCBuildConfiguration;
			buildSettings = {
				ASSETCATALOG_COMPILER_APPICON_NAME = AppIcon;
				INFOPLIST_FILE = "CollectionTableView-Demo/Info.plist";
				LD_RUNPATH_SEARCH_PATHS = "$(inherited) @executable_path/Frameworks";
				PRODUCT_BUNDLE_IDENTIFIER = "com.coderjacklee.CollectionTableView-Demo";
				PRODUCT_NAME = "$(TARGET_NAME)";
			};
			name = Release;
		};
		6A45452D1E8F836200C70284 /* Debug */ = {
			isa = XCBuildConfiguration;
			buildSettings = {
				BUNDLE_LOADER = "$(TEST_HOST)";
				INFOPLIST_FILE = "CollectionTableView-DemoTests/Info.plist";
				LD_RUNPATH_SEARCH_PATHS = "$(inherited) @executable_path/Frameworks @loader_path/Frameworks";
				PRODUCT_BUNDLE_IDENTIFIER = "com.coderjacklee.CollectionTableView-DemoTests";
				PRODUCT_NAME = "$(TARGET_NAME)";
				TEST_HOST = "$(BUILT_PRODUCTS_DIR)/CollectionTableView-Demo.app/CollectionTableView-Demo";
			};
			name = Debug;
		};
		6A45452E1E8F836200C70284 /* Release */ = {
			isa = XCBuildConfiguration;
			buildSettings = {
				BUNDLE_LOADER = "$(TEST_HOST)";
				INFOPLIST_FILE = "CollectionTableView-DemoTests/Info.plist";
				LD_RUNPATH_SEARCH_PATHS = "$(inherited) @executable_path/Frameworks @loader_path/Frameworks";
				PRODUCT_BUNDLE_IDENTIFIER = "com.coderjacklee.CollectionTableView-DemoTests";
				PRODUCT_NAME = "$(TARGET_NAME)";
				TEST_HOST = "$(BUILT_PRODUCTS_DIR)/CollectionTableView-Demo.app/CollectionTableView-Demo";
			};
			name = Release;
		};
		6A4545301E8F836200C70284 /* Debug */ = {
			isa = XCBuildConfiguration;
			buildSettings = {
				INFOPLIST_FILE = "CollectionTableView-DemoUITests/Info.plist";
				LD_RUNPATH_SEARCH_PATHS = "$(inherited) @executable_path/Frameworks @loader_path/Frameworks";
				PRODUCT_BUNDLE_IDENTIFIER = "com.coderjacklee.CollectionTableView-DemoUITests";
				PRODUCT_NAME = "$(TARGET_NAME)";
				TEST_TARGET_NAME = "CollectionTableView-Demo";
			};
			name = Debug;
		};
		6A4545311E8F836200C70284 /* Release */ = {
			isa = XCBuildConfiguration;
			buildSettings = {
				INFOPLIST_FILE = "CollectionTableView-DemoUITests/Info.plist";
				LD_RUNPATH_SEARCH_PATHS = "$(inherited) @executable_path/Frameworks @loader_path/Frameworks";
				PRODUCT_BUNDLE_IDENTIFIER = "com.coderjacklee.CollectionTableView-DemoUITests";
				PRODUCT_NAME = "$(TARGET_NAME)";
				TEST_TARGET_NAME = "CollectionTableView-Demo";
			};
			name = Release;
		};
/* End XCBuildConfiguration section */

/* Begin XCConfigurationList section */
		6A4544F71E8F836200C70284 /* Build configuration list for PBXProject "CollectionTableView-Demo" */ = {
			isa = XCConfigurationList;
			buildConfigurations = (
				6A4545271E8F836200C70284 /* Debug */,
				6A4545281E8F836200C70284 /* Release */,
			);
			defaultConfigurationIsVisible = 0;
			defaultConfigurationName = Release;
		};
		6A4545291E8F836200C70284 /* Build configuration list for PBXNativeTarget "CollectionTableView-Demo" */ = {
			isa = XCConfigurationList;
			buildConfigurations = (
				6A45452A1E8F836200C70284 /* Debug */,
				6A45452B1E8F836200C70284 /* Release */,
			);
			defaultConfigurationIsVisible = 0;
		};
		6A45452C1E8F836200C70284 /* Build configuration list for PBXNativeTarget "CollectionTableView-DemoTests" */ = {
			isa = XCConfigurationList;
			buildConfigurations = (
				6A45452D1E8F836200C70284 /* Debug */,
				6A45452E1E8F836200C70284 /* Release */,
			);
			defaultConfigurationIsVisible = 0;
		};
		6A45452F1E8F836200C70284 /* Build configuration list for PBXNativeTarget "CollectionTableView-DemoUITests" */ = {
			isa = XCConfigurationList;
			buildConfigurations = (
				6A4545301E8F836200C70284 /* Debug */,
				6A4545311E8F836200C70284 /* Release */,
			);
			defaultConfigurationIsVisible = 0;
		};
/* End XCConfigurationList section */
	};
	rootObject = 6A4544F41E8F836200C70284 /* Project object */;
}
